
Microsoft Visual Studio Solution File, Format Version 12.00
# Visual Studio 2013
VisualStudioVersion = 12.0.21005.1
MinimumVisualStudioVersion = 10.0.40219.1
Project("{E24C65DC-7377-472B-9ABA-BC803B73C61A}") = "c4fsharp", "http://localhost:23587", "{7F378E41-9A44-45DF-98CD-B519800A3F75}"
	ProjectSection(WebsiteProperties) = preProject
		UseIISExpress = "true"
		TargetFrameworkMoniker = ".NETFramework,Version%3Dv4.0"
		Debug.AspNetCompiler.VirtualPath = "/localhost_23587"
		Debug.AspNetCompiler.PhysicalPath = "..\c4fsharp\"
		Debug.AspNetCompiler.TargetPath = "PrecompiledWeb\localhost_23587\"
		Debug.AspNetCompiler.Updateable = "true"
		Debug.AspNetCompiler.ForceOverwrite = "true"
		Debug.AspNetCompiler.FixedNames = "false"
		Debug.AspNetCompiler.Debug = "True"
		Release.AspNetCompiler.VirtualPath = "/localhost_23587"
		Release.AspNetCompiler.PhysicalPath = "..\c4fsharp\"
		Release.AspNetCompiler.TargetPath = "PrecompiledWeb\localhost_23587\"
		Release.AspNetCompiler.Updateable = "true"
		Release.AspNetCompiler.ForceOverwrite = "true"
		Release.AspNetCompiler.FixedNames = "false"
		Release.AspNetCompiler.Debug = "False"
		SlnRelativePath = "..\c4fsharp\"
	EndProjectSection
EndProject
Project("{2150E333-8FDC-42A3-9474-1A3956D46DE8}") = "Solution Items", "Solution Items", "{E1073A1B-72A0-4359-802B-A84E0EAF0910}"
	ProjectSection(SolutionItems) = preProject
		WE2013-settings.xml = WE2013-settings.xml
	EndProjectSection
EndProject
Global
	GlobalSection(SolutionConfigurationPlatforms) = preSolution
		Debug|Any CPU = Debug|Any CPU
	EndGlobalSection
	GlobalSection(ProjectConfigurationPlatforms) = postSolution
		{7F378E41-9A44-45DF-98CD-B519800A3F75}.Debug|Any CPU.ActiveCfg = Debug|Any CPU
		{7F378E41-9A44-45DF-98CD-B519800A3F75}.Debug|Any CPU.Build.0 = Debug|Any CPU
	EndGlobalSection
	GlobalSection(SolutionProperties) = preSolution
		HideSolutionNode = FALSE
	EndGlobalSection
EndGlobal
